// !$*UTF8*$!
{
	archiveVersion = 1;
	classes = {
	};
	objectVersion = 56;
	objects = {

/* Begin PBXBuildFile section */
		2E6B0B712AC4310700F3D1FE /* CalcolatriceSwiftApp.swift in Sources */ = {isa = PBXBuildFile; fileRef = 2E6B0B702AC4310700F3D1FE /* CalcolatriceSwiftApp.swift */; };
		2E6B0B732AC4310700F3D1FE /* ContentView.swift in Sources */ = {isa = PBXBuildFile; fileRef = 2E6B0B722AC4310700F3D1FE /* ContentView.swift */; };
		2E6B0B752AC4310C00F3D1FE /* Assets.xcassets in Resources */ = {isa = PBXBuildFile; fileRef = 2E6B0B742AC4310C00F3D1FE /* Assets.xcassets */; };
		2E6B0B782AC4310C00F3D1FE /* Preview Assets.xcassets in Resources */ = {isa = PBXBuildFile; fileRef = 2E6B0B772AC4310C00F3D1FE /* Preview Assets.xcassets */; };
		2E6B0B822AC4310D00F3D1FE /* CalcolatriceSwiftTests.swift in Sources */ = {isa = PBXBuildFile; fileRef = 2E6B0B812AC4310D00F3D1FE /* CalcolatriceSwiftTests.swift */; };
		2E6B0B8C2AC4310D00F3D1FE /* CalcolatriceSwiftUITests.swift in Sources */ = {isa = PBXBuildFile; fileRef = 2E6B0B8B2AC4310D00F3D1FE /* CalcolatriceSwiftUITests.swift */; };
		2E6B0B8E2AC4310D00F3D1FE /* CalcolatriceSwiftUITestsLaunchTests.swift in Sources */ = {isa = PBXBuildFile; fileRef = 2E6B0B8D2AC4310D00F3D1FE /* CalcolatriceSwiftUITestsLaunchTests.swift */; };
/* End PBXBuildFile section */

/* Begin PBXContainerItemProxy section */
		2E6B0B7E2AC4310D00F3D1FE /* PBXContainerItemProxy */ = {
			isa = PBXContainerItemProxy;
			containerPortal = 2E6B0B652AC4310700F3D1FE /* Project object */;
			proxyType = 1;
			remoteGlobalIDString = 2E6B0B6C2AC4310700F3D1FE;
			remoteInfo = CalcolatriceSwift;
		};
		2E6B0B882AC4310D00F3D1FE /* PBXContainerItemProxy */ = {
			isa = PBXContainerItemProxy;
			containerPortal = 2E6B0B652AC4310700F3D1FE /* Project object */;
			proxyType = 1;
			remoteGlobalIDString = 2E6B0B6C2AC4310700F3D1FE;
			remoteInfo = CalcolatriceSwift;
		};
/* End PBXContainerItemProxy section */

/* Begin PBXFileReference section */
		2E6B0B6D2AC4310700F3D1FE /* CalcolatriceSwift.app */ = {isa = PBXFileReference; explicitFileType = wrapper.application; includeInIndex = 0; path = CalcolatriceSwift.app; sourceTree = BUILT_PRODUCTS_DIR; };
		2E6B0B702AC4310700F3D1FE /* CalcolatriceSwiftApp.swift */ = {isa = PBXFileReference; lastKnownFileType = sourcecode.swift; path = CalcolatriceSwiftApp.swift; sourceTree = "<group>"; };
		2E6B0B722AC4310700F3D1FE /* ContentView.swift */ = {isa = PBXFileReference; lastKnownFileType = sourcecode.swift; path = ContentView.swift; sourceTree = "<group>"; };
		2E6B0B742AC4310C00F3D1FE /* Assets.xcassets */ = {isa = PBXFileReference; lastKnownFileType = folder.assetcatalog; path = Assets.xcassets; sourceTree = "<group>"; };
		2E6B0B772AC4310C00F3D1FE /* Preview Assets.xcassets */ = {isa = PBXFileReference; lastKnownFileType = folder.assetcatalog; path = "Preview Assets.xcassets"; sourceTree = "<group>"; };
		2E6B0B7D2AC4310D00F3D1FE /* CalcolatriceSwiftTests.xctest */ = {isa = PBXFileReference; explicitFileType = wrapper.cfbundle; includeInIndex = 0; path = CalcolatriceSwiftTests.xctest; sourceTree = BUILT_PRODUCTS_DIR; };
		2E6B0B812AC4310D00F3D1FE /* CalcolatriceSwiftTests.swift */ = {isa = PBXFileReference; lastKnownFileType = sourcecode.swift; path = CalcolatriceSwiftTests.swift; sourceTree = "<group>"; };
		2E6B0B872AC4310D00F3D1FE /* CalcolatriceSwiftUITests.xctest */ = {isa = PBXFileReference; explicitFileType = wrapper.cfbundle; includeInIndex = 0; path = CalcolatriceSwiftUITests.xctest; sourceTree = BUILT_PRODUCTS_DIR; };
		2E6B0B8B2AC4310D00F3D1FE /* CalcolatriceSwiftUITests.swift */ = {isa = PBXFileReference; lastKnownFileType = sourcecode.swift; path = CalcolatriceSwiftUITests.swift; sourceTree = "<group>"; };
		2E6B0B8D2AC4310D00F3D1FE /* CalcolatriceSwiftUITestsLaunchTests.swift */ = {isa = PBXFileReference; lastKnownFileType = sourcecode.swift; path = CalcolatriceSwiftUITestsLaunchTests.swift; sourceTree = "<group>"; };
/* End PBXFileReference section */

/* Begin PBXFrameworksBuildPhase section */
		2E6B0B6A2AC4310700F3D1FE /* Frameworks */ = {
			isa = PBXFrameworksBuildPhase;
			buildActionMask = 2147483647;
			files = (
			);
			runOnlyForDeploymentPostprocessing = 0;
		};
		2E6B0B7A2AC4310D00F3D1FE /* Frameworks */ = {
			isa = PBXFrameworksBuildPhase;
			buildActionMask = 2147483647;
			files = (
			);
			runOnlyForDeploymentPostprocessing = 0;
		};
		2E6B0B842AC4310D00F3D1FE /* Frameworks */ = {
			isa = PBXFrameworksBuildPhase;
			buildActionMask = 2147483647;
			files = (
			);
			runOnlyForDeploymentPostprocessing = 0;
		};
/* End PBXFrameworksBuildPhase section */

/* Begin PBXGroup section */
		2E6B0B642AC4310700F3D1FE = {
			isa = PBXGroup;
			children = (
				2E6B0B6F2AC4310700F3D1FE /* CalcolatriceSwift */,
				2E6B0B802AC4310D00F3D1FE /* CalcolatriceSwiftTests */,
				2E6B0B8A2AC4310D00F3D1FE /* CalcolatriceSwiftUITests */,
				2E6B0B6E2AC4310700F3D1FE /* Products */,
			);
			sourceTree = "<group>";
		};
		2E6B0B6E2AC4310700F3D1FE /* Products */ = {
			isa = PBXGroup;
			children = (
				2E6B0B6D2AC4310700F3D1FE /* CalcolatriceSwift.app */,
				2E6B0B7D2AC4310D00F3D1FE /* CalcolatriceSwiftTests.xctest */,
				2E6B0B872AC4310D00F3D1FE /* CalcolatriceSwiftUITests.xctest */,
			);
			name = Products;
			sourceTree = "<group>";
		};
		2E6B0B6F2AC4310700F3D1FE /* CalcolatriceSwift */ = {
			isa = PBXGroup;
			children = (
				2E6B0B702AC4310700F3D1FE /* CalcolatriceSwiftApp.swift */,
				2E6B0B722AC4310700F3D1FE /* ContentView.swift */,
				2E6B0B742AC4310C00F3D1FE /* Assets.xcassets */,
				2E6B0B762AC4310C00F3D1FE /* Preview Content */,
			);
			path = CalcolatriceSwift;
			sourceTree = "<group>";
		};
		2E6B0B762AC4310C00F3D1FE /* Preview Content */ = {
			isa = PBXGroup;
			children = (
				2E6B0B772AC4310C00F3D1FE /* Preview Assets.xcassets */,
			);
			path = "Preview Content";
			sourceTree = "<group>";
		};
		2E6B0B802AC4310D00F3D1FE /* CalcolatriceSwiftTests */ = {
			isa = PBXGroup;
			children = (
				2E6B0B812AC4310D00F3D1FE /* CalcolatriceSwiftTests.swift */,
			);
			path = CalcolatriceSwiftTests;
			sourceTree = "<group>";
		};
		2E6B0B8A2AC4310D00F3D1FE /* CalcolatriceSwiftUITests */ = {
			isa = PBXGroup;
			children = (
				2E6B0B8B2AC4310D00F3D1FE /* CalcolatriceSwiftUITests.swift */,
				2E6B0B8D2AC4310D00F3D1FE /* CalcolatriceSwiftUITestsLaunchTests.swift */,
			);
			path = CalcolatriceSwiftUITests;
			sourceTree = "<group>";
		};
/* End PBXGroup section */

/* Begin PBXNativeTarget section */
		2E6B0B6C2AC4310700F3D1FE /* CalcolatriceSwift */ = {
			isa = PBXNativeTarget;
			buildConfigurationList = 2E6B0B912AC4310D00F3D1FE /* Build configuration list for PBXNativeTarget "CalcolatriceSwift" */;
			buildPhases = (
				2E6B0B692AC4310700F3D1FE /* Sources */,
				2E6B0B6A2AC4310700F3D1FE /* Frameworks */,
				2E6B0B6B2AC4310700F3D1FE /* Resources */,
			);
			buildRules = (
			);
			dependencies = (
			);
			name = CalcolatriceSwift;
			productName = CalcolatriceSwift;
			productReference = 2E6B0B6D2AC4310700F3D1FE /* CalcolatriceSwift.app */;
			productType = "com.apple.product-type.application";
		};
		2E6B0B7C2AC4310D00F3D1FE /* CalcolatriceSwiftTests */ = {
			isa = PBXNativeTarget;
			buildConfigurationList = 2E6B0B942AC4310D00F3D1FE /* Build configuration list for PBXNativeTarget "CalcolatriceSwiftTests" */;
			buildPhases = (
				2E6B0B792AC4310D00F3D1FE /* Sources */,
				2E6B0B7A2AC4310D00F3D1FE /* Frameworks */,
				2E6B0B7B2AC4310D00F3D1FE /* Resources */,
			);
			buildRules = (
			);
			dependencies = (
				2E6B0B7F2AC4310D00F3D1FE /* PBXTargetDependency */,
			);
			name = CalcolatriceSwiftTests;
			productName = CalcolatriceSwiftTests;
			productReference = 2E6B0B7D2AC4310D00F3D1FE /* CalcolatriceSwiftTests.xctest */;
			productType = "com.apple.product-type.bundle.unit-test";
		};
		2E6B0B862AC4310D00F3D1FE /* CalcolatriceSwiftUITests */ = {
			isa = PBXNativeTarget;
			buildConfigurationList = 2E6B0B972AC4310D00F3D1FE /* Build configuration list for PBXNativeTarget "CalcolatriceSwiftUITests" */;
			buildPhases = (
				2E6B0B832AC4310D00F3D1FE /* Sources */,
				2E6B0B842AC4310D00F3D1FE /* Frameworks */,
				2E6B0B852AC4310D00F3D1FE /* Resources */,
			);
			buildRules = (
			);
			dependencies = (
				2E6B0B892AC4310D00F3D1FE /* PBXTargetDependency */,
			);
			name = CalcolatriceSwiftUITests;
			productName = CalcolatriceSwiftUITests;
			productReference = 2E6B0B872AC4310D00F3D1FE /* CalcolatriceSwiftUITests.xctest */;
			productType = "com.apple.product-type.bundle.ui-testing";
		};
/* End PBXNativeTarget section */

/* Begin PBXProject section */
		2E6B0B652AC4310700F3D1FE /* Project object */ = {
			isa = PBXProject;
			attributes = {
				BuildIndependentTargetsInParallel = 1;
				LastSwiftUpdateCheck = 1420;
				LastUpgradeCheck = 1420;
				TargetAttributes = {
					2E6B0B6C2AC4310700F3D1FE = {
						CreatedOnToolsVersion = 14.2;
					};
					2E6B0B7C2AC4310D00F3D1FE = {
						CreatedOnToolsVersion = 14.2;
						TestTargetID = 2E6B0B6C2AC4310700F3D1FE;
					};
					2E6B0B862AC4310D00F3D1FE = {
						CreatedOnToolsVersion = 14.2;
						TestTargetID = 2E6B0B6C2AC4310700F3D1FE;
					};
				};
			};
			buildConfigurationList = 2E6B0B682AC4310700F3D1FE /* Build configuration list for PBXProject "CalcolatriceSwift" */;
			compatibilityVersion = "Xcode 14.0";
			developmentRegion = en;
			hasScannedForEncodings = 0;
			knownRegions = (
				en,
				Base,
			);
			mainGroup = 2E6B0B642AC4310700F3D1FE;
			productRefGroup = 2E6B0B6E2AC4310700F3D1FE /* Products */;
			projectDirPath = "";
			projectRoot = "";
			targets = (
				2E6B0B6C2AC4310700F3D1FE /* CalcolatriceSwift */,
				2E6B0B7C2AC4310D00F3D1FE /* CalcolatriceSwiftTests */,
				2E6B0B862AC4310D00F3D1FE /* CalcolatriceSwiftUITests */,
			);
		};
/* End PBXProject section */

/* Begin PBXResourcesBuildPhase section */
		2E6B0B6B2AC4310700F3D1FE /* Resources */ = {
			isa = PBXResourcesBuildPhase;
			buildActionMask = 2147483647;
			files = (
				2E6B0B782AC4310C00F3D1FE /* Preview Assets.xcassets in Resources */,
				2E6B0B752AC4310C00F3D1FE /* Assets.xcassets in Resources */,
			);
			runOnlyForDeploymentPostprocessing = 0;
		};
		2E6B0B7B2AC4310D00F3D1FE /* Resources */ = {
			isa = PBXResourcesBuildPhase;
			buildActionMask = 2147483647;
			files = (
			);
			runOnlyForDeploymentPostprocessing = 0;
		};
		2E6B0B852AC4310D00F3D1FE /* Resources */ = {
			isa = PBXResourcesBuildPhase;
			buildActionMask = 2147483647;
			files = (
			);
			runOnlyForDeploymentPostprocessing = 0;
		};
/* End PBXResourcesBuildPhase section */

/* Begin PBXSourcesBuildPhase section */
		2E6B0B692AC4310700F3D1FE /* Sources */ = {
			isa = PBXSourcesBuildPhase;
			buildActionMask = 2147483647;
			files = (
				2E6B0B732AC4310700F3D1FE /* ContentView.swift in Sources */,
				2E6B0B712AC4310700F3D1FE /* CalcolatriceSwiftApp.swift in Sources */,
			);
			runOnlyForDeploymentPostprocessing = 0;
		};
		2E6B0B792AC4310D00F3D1FE /* Sources */ = {
			isa = PBXSourcesBuildPhase;
			buildActionMask = 2147483647;
			files = (
				2E6B0B822AC4310D00F3D1FE /* CalcolatriceSwiftTests.swift in Sources */,
			);
			runOnlyForDeploymentPostprocessing = 0;
		};
		2E6B0B832AC4310D00F3D1FE /* Sources */ = {
			isa = PBXSourcesBuildPhase;
			buildActionMask = 2147483647;
			files = (
				2E6B0B8E2AC4310D00F3D1FE /* CalcolatriceSwiftUITestsLaunchTests.swift in Sources */,
				2E6B0B8C2AC4310D00F3D1FE /* CalcolatriceSwiftUITests.swift in Sources */,
			);
			runOnlyForDeploymentPostprocessing = 0;
		};
/* End PBXSourcesBuildPhase section */

/* Begin PBXTargetDependency section */
		2E6B0B7F2AC4310D00F3D1FE /* PBXTargetDependency */ = {
			isa = PBXTargetDependency;
			target = 2E6B0B6C2AC4310700F3D1FE /* CalcolatriceSwift */;
			targetProxy = 2E6B0B7E2AC4310D00F3D1FE /* PBXContainerItemProxy */;
		};
		2E6B0B892AC4310D00F3D1FE /* PBXTargetDependency */ = {
			isa = PBXTargetDependency;
			target = 2E6B0B6C2AC4310700F3D1FE /* CalcolatriceSwift */;
			targetProxy = 2E6B0B882AC4310D00F3D1FE /* PBXContainerItemProxy */;
		};
/* End PBXTargetDependency section */

/* Begin XCBuildConfiguration section */
		2E6B0B8F2AC4310D00F3D1FE /* Debug */ = {
			isa = XCBuildConfiguration;
			buildSettings = {
				ALWAYS_SEARCH_USER_PATHS = NO;
				CLANG_ANALYZER_NONNULL = YES;
				CLANG_ANALYZER_NUMBER_OBJECT_CONVERSION = YES_AGGRESSIVE;
				CLANG_CXX_LANGUAGE_STANDARD = "gnu++20";
				CLANG_ENABLE_MODULES = YES;
				CLANG_ENABLE_OBJC_ARC = YES;
				CLANG_ENABLE_OBJC_WEAK = YES;
				CLANG_WARN_BLOCK_CAPTURE_AUTORELEASING = YES;
				CLANG_WARN_BOOL_CONVERSION = YES;
				CLANG_WARN_COMMA = YES;
				CLANG_WARN_CONSTANT_CONVERSION = YES;
				CLANG_WARN_DEPRECATED_OBJC_IMPLEMENTATIONS = YES;
				CLANG_WARN_DIRECT_OBJC_ISA_USAGE = YES_ERROR;
				CLANG_WARN_DOCUMENTATION_COMMENTS = YES;
				CLANG_WARN_EMPTY_BODY = YES;
				CLANG_WARN_ENUM_CONVERSION = YES;
				CLANG_WARN_INFINITE_RECURSION = YES;
				CLANG_WARN_INT_CONVERSION = YES;
				CLANG_WARN_NON_LITERAL_NULL_CONVERSION = YES;
				CLANG_WARN_OBJC_IMPLICIT_RETAIN_SELF = YES;
				CLANG_WARN_OBJC_LITERAL_CONVERSION = YES;
				CLANG_WARN_OBJC_ROOT_CLASS = YES_ERROR;
				CLANG_WARN_QUOTED_INCLUDE_IN_FRAMEWORK_HEADER = YES;
				CLANG_WARN_RANGE_LOOP_ANALYSIS = YES;
				CLANG_WARN_STRICT_PROTOTYPES = YES;
				CLANG_WARN_SUSPICIOUS_MOVE = YES;
				CLANG_WARN_UNGUARDED_AVAILABILITY = YES_AGGRESSIVE;
				CLANG_WARN_UNREACHABLE_CODE = YES;
				CLANG_WARN__DUPLICATE_METHOD_MATCH = YES;
				COPY_PHASE_STRIP = NO;
				DEBUG_INFORMATION_FORMAT = dwarf;
				ENABLE_STRICT_OBJC_MSGSEND = YES;
				ENABLE_TESTABILITY = YES;
				GCC_C_LANGUAGE_STANDARD = gnu11;
				GCC_DYNAMIC_NO_PIC = NO;
				GCC_NO_COMMON_BLOCKS = YES;
				GCC_OPTIMIZATION_LEVEL = 0;
				GCC_PREPROCESSOR_DEFINITIONS = (
					"DEBUG=1",
					"$(inherited)",
				);
				GCC_WARN_64_TO_32_BIT_CONVERSION = YES;
				GCC_WARN_ABOUT_RETURN_TYPE = YES_ERROR;
				GCC_WARN_UNDECLARED_SELECTOR = YES;
				GCC_WARN_UNINITIALIZED_AUTOS = YES_AGGRESSIVE;
				GCC_WARN_UNUSED_FUNCTION = YES;
				GCC_WARN_UNUSED_VARIABLE = YES;
				IPHONEOS_DEPLOYMENT_TARGET = 16.2;
				MTL_ENABLE_DEBUG_INFO = INCLUDE_SOURCE;
				MTL_FAST_MATH = YES;
				ONLY_ACTIVE_ARCH = YES;
				SDKROOT = iphoneos;
				SWIFT_ACTIVE_COMPILATION_CONDITIONS = DEBUG;
				SWIFT_OPTIMIZATION_LEVEL = "-Onone";
			};
			name = Debug;
		};
		2E6B0B902AC4310D00F3D1FE /* Release */ = {
			isa = XCBuildConfiguration;
			buildSettings = {
				ALWAYS_SEARCH_USER_PATHS = NO;
				CLANG_ANALYZER_NONNULL = YES;
				CLANG_ANALYZER_NUMBER_OBJECT_CONVERSION = YES_AGGRESSIVE;
				CLANG_CXX_LANGUAGE_STANDARD = "gnu++20";
				CLANG_ENABLE_MODULES = YES;
				CLANG_ENABLE_OBJC_ARC = YES;
				CLANG_ENABLE_OBJC_WEAK = YES;
				CLANG_WARN_BLOCK_CAPTURE_AUTORELEASING = YES;
				CLANG_WARN_BOOL_CONVERSION = YES;
				CLANG_WARN_COMMA = YES;
				CLANG_WARN_CONSTANT_CONVERSION = YES;
				CLANG_WARN_DEPRECATED_OBJC_IMPLEMENTATIONS = YES;
				CLANG_WARN_DIRECT_OBJC_ISA_USAGE = YES_ERROR;
				CLANG_WARN_DOCUMENTATION_COMMENTS = YES;
				CLANG_WARN_EMPTY_BODY = YES;
				CLANG_WARN_ENUM_CONVERSION = YES;
				CLANG_WARN_INFINITE_RECURSION = YES;
				CLANG_WARN_INT_CONVERSION = YES;
				CLANG_WARN_NON_LITERAL_NULL_CONVERSION = YES;
				CLANG_WARN_OBJC_IMPLICIT_RETAIN_SELF = YES;
				CLANG_WARN_OBJC_LITERAL_CONVERSION = YES;
				CLANG_WARN_OBJC_ROOT_CLASS = YES_ERROR;
				CLANG_WARN_QUOTED_INCLUDE_IN_FRAMEWORK_HEADER = YES;
				CLANG_WARN_RANGE_LOOP_ANALYSIS = YES;
				CLANG_WARN_STRICT_PROTOTYPES = YES;
				CLANG_WARN_SUSPICIOUS_MOVE = YES;
				CLANG_WARN_UNGUARDED_AVAILABILITY = YES_AGGRESSIVE;
				CLANG_WARN_UNREACHABLE_CODE = YES;
				CLANG_WARN__DUPLICATE_METHOD_MATCH = YES;
				COPY_PHASE_STRIP = NO;
				DEBUG_INFORMATION_FORMAT = "dwarf-with-dsym";
				ENABLE_NS_ASSERTIONS = NO;
				ENABLE_STRICT_OBJC_MSGSEND = YES;
				GCC_C_LANGUAGE_STANDARD = gnu11;
				GCC_NO_COMMON_BLOCKS = YES;
				GCC_WARN_64_TO_32_BIT_CONVERSION = YES;
				GCC_WARN_ABOUT_RETURN_TYPE = YES_ERROR;
				GCC_WARN_UNDECLARED_SELECTOR = YES;
				GCC_WARN_UNINITIALIZED_AUTOS = YES_AGGRESSIVE;
				GCC_WARN_UNUSED_FUNCTION = YES;
				GCC_WARN_UNUSED_VARIABLE = YES;
				IPHONEOS_DEPLOYMENT_TARGET = 16.2;
				MTL_ENABLE_DEBUG_INFO = NO;
				MTL_FAST_MATH = YES;
				SDKROOT = iphoneos;
				SWIFT_COMPILATION_MODE = wholemodule;
				SWIFT_OPTIMIZATION_LEVEL = "-O";
				VALIDATE_PRODUCT = YES;
			};
			name = Release;
		};
		2E6B0B922AC4310D00F3D1FE /* Debug */ = {
			isa = XCBuildConfiguration;
			buildSettings = {
				ASSETCATALOG_COMPILER_APPICON_NAME = AppIcon;
				ASSETCATALOG_COMPILER_GLOBAL_ACCENT_COLOR_NAME = AccentColor;
				CODE_SIGN_STYLE = Automatic;
				CURRENT_PROJECT_VERSION = 1;
				DEVELOPMENT_ASSET_PATHS = "\"CalcolatriceSwift/Preview Content\"";
				ENABLE_PREVIEWS = YES;
				GENERATE_INFOPLIST_FILE = YES;
				INFOPLIST_KEY_UIApplicationSceneManifest_Generation = YES;
				INFOPLIST_KEY_UIApplicationSupportsIndirectInputEvents = YES;
				INFOPLIST_KEY_UILaunchScreen_Generation = YES;
				INFOPLIST_KEY_UISupportedInterfaceOrientations_iPad = "UIInterfaceOrientationPortrait UIInterfaceOrientationPortraitUpsideDown UIInterfaceOrientationLandscapeLeft UIInterfaceOrientationLandscapeRight";
				INFOPLIST_KEY_UISupportedInterfaceOrientations_iPhone = "UIInterfaceOrientationPortrait UIInterfaceOrientationLandscapeLeft UIInterfaceOrientationLandscapeRight";
				LD_RUNPATH_SEARCH_PATHS = (
					"$(inherited)",
					"@executable_path/Frameworks",
				);
				MARKETING_VERSION = 1.0;
				PRODUCT_BUNDLE_IDENTIFIER = it.zafirogroup.CalcolatriceSwift;
				PRODUCT_NAME = "$(TARGET_NAME)";
				SWIFT_EMIT_LOC_STRINGS = YES;
				SWIFT_VERSION = 5.0;
				TARGETED_DEVICE_FAMILY = "1,2";
			};
			name = Debug;
		};
		2E6B0B932AC4310D00F3D1FE /* Release */ = {
			isa = XCBuildConfiguration;
			buildSettings = {
				ASSETCATALOG_COMPILER_APPICON_NAME = AppIcon;
				ASSETCATALOG_COMPILER_GLOBAL_ACCENT_COLOR_NAME = AccentColor;
				CODE_SIGN_STYLE = Automatic;
				CURRENT_PROJECT_VERSION = 1;
				DEVELOPMENT_ASSET_PATHS = "\"CalcolatriceSwift/Preview Content\"";
				ENABLE_PREVIEWS = YES;
				GENERATE_INFOPLIST_FILE = YES;
				INFOPLIST_KEY_UIApplicationSceneManifest_Generation = YES;
				INFOPLIST_KEY_UIApplicationSupportsIndirectInputEvents = YES;
				INFOPLIST_KEY_UILaunchScreen_Generation = YES;
				INFOPLIST_KEY_UISupportedInterfaceOrientations_iPad = "UIInterfaceOrientationPortrait UIInterfaceOrientationPortraitUpsideDown UIInterfaceOrientationLandscapeLeft UIInterfaceOrientationLandscapeRight";
				INFOPLIST_KEY_UISupportedInterfaceOrientations_iPhone = "UIInterfaceOrientationPortrait UIInterfaceOrientationLandscapeLeft UIInterfaceOrientationLandscapeRight";
				LD_RUNPATH_SEARCH_PATHS = (
					"$(inherited)",
					"@executable_path/Frameworks",
				);
				MARKETING_VERSION = 1.0;
				PRODUCT_BUNDLE_IDENTIFIER = it.zafirogroup.CalcolatriceSwift;
				PRODUCT_NAME = "$(TARGET_NAME)";
				SWIFT_EMIT_LOC_STRINGS = YES;
				SWIFT_VERSION = 5.0;
				TARGETED_DEVICE_FAMILY = "1,2";
			};
			name = Release;
		};
		2E6B0B952AC4310D00F3D1FE /* Debug */ = {
			isa = XCBuildConfiguration;
			buildSettings = {
				ALWAYS_EMBED_SWIFT_STANDARD_LIBRARIES = YES;
				BUNDLE_LOADER = "$(TEST_HOST)";
				CODE_SIGN_STYLE = Automatic;
				CURRENT_PROJECT_VERSION = 1;
				GENERATE_INFOPLIST_FILE = YES;
				IPHONEOS_DEPLOYMENT_TARGET = 16.2;
				MARKETING_VERSION = 1.0;
				PRODUCT_BUNDLE_IDENTIFIER = it.zafirogroup.CalcolatriceSwiftTests;
				PRODUCT_NAME = "$(TARGET_NAME)";
				SWIFT_EMIT_LOC_STRINGS = NO;
				SWIFT_VERSION = 5.0;
				TARGETED_DEVICE_FAMILY = "1,2";
				TEST_HOST = "$(BUILT_PRODUCTS_DIR)/CalcolatriceSwift.app/$(BUNDLE_EXECUTABLE_FOLDER_PATH)/CalcolatriceSwift";
			};
			name = Debug;
		};
		2E6B0B962AC4310D00F3D1FE /* Release */ = {
			isa = XCBuildConfiguration;
			buildSettings = {
				ALWAYS_EMBED_SWIFT_STANDARD_LIBRARIES = YES;
				BUNDLE_LOADER = "$(TEST_HOST)";
				CODE_SIGN_STYLE = Automatic;
				CURRENT_PROJECT_VERSION = 1;
				GENERATE_INFOPLIST_FILE = YES;
				IPHONEOS_DEPLOYMENT_TARGET = 16.2;
				MARKETING_VERSION = 1.0;
				PRODUCT_BUNDLE_IDENTIFIER = it.zafirogroup.CalcolatriceSwiftTests;
				PRODUCT_NAME = "$(TARGET_NAME)";
				SWIFT_EMIT_LOC_STRINGS = NO;
				SWIFT_VERSION = 5.0;
				TARGETED_DEVICE_FAMILY = "1,2";
				TEST_HOST = "$(BUILT_PRODUCTS_DIR)/CalcolatriceSwift.app/$(BUNDLE_EXECUTABLE_FOLDER_PATH)/CalcolatriceSwift";
			};
			name = Release;
		};
		2E6B0B982AC4310D00F3D1FE /* Debug */ = {
			isa = XCBuildConfiguration;
			buildSettings = {
				ALWAYS_EMBED_SWIFT_STANDARD_LIBRARIES = YES;
				CODE_SIGN_STYLE = Automatic;
				CURRENT_PROJECT_VERSION = 1;
				GENERATE_INFOPLIST_FILE = YES;
				MARKETING_VERSION = 1.0;
				PRODUCT_BUNDLE_IDENTIFIER = it.zafirogroup.CalcolatriceSwiftUITests;
				PRODUCT_NAME = "$(TARGET_NAME)";
				SWIFT_EMIT_LOC_STRINGS = NO;
				SWIFT_VERSION = 5.0;
				TARGETED_DEVICE_FAMILY = "1,2";
				TEST_TARGET_NAME = CalcolatriceSwift;
			};
			name = Debug;
		};
		2E6B0B992AC4310D00F3D1FE /* Release */ = {
			isa = XCBuildConfiguration;
			buildSettings = {
				ALWAYS_EMBED_SWIFT_STANDARD_LIBRARIES = YES;
				CODE_SIGN_STYLE = Automatic;
				CURRENT_PROJECT_VERSION = 1;
				GENERATE_INFOPLIST_FILE = YES;
				MARKETING_VERSION = 1.0;
				PRODUCT_BUNDLE_IDENTIFIER = it.zafirogroup.CalcolatriceSwiftUITests;
				PRODUCT_NAME = "$(TARGET_NAME)";
				SWIFT_EMIT_LOC_STRINGS = NO;
				SWIFT_VERSION = 5.0;
				TARGETED_DEVICE_FAMILY = "1,2";
				TEST_TARGET_NAME = CalcolatriceSwift;
			};
			name = Release;
		};
/* End XCBuildConfiguration section */

/* Begin XCConfigurationList section */
		2E6B0B682AC4310700F3D1FE /* Build configuration list for PBXProject "CalcolatriceSwift" */ = {
			isa = XCConfigurationList;
			buildConfigurations = (
				2E6B0B8F2AC4310D00F3D1FE /* Debug */,
				2E6B0B902AC4310D00F3D1FE /* Release */,
			);
			defaultConfigurationIsVisible = 0;
			defaultConfigurationName = Release;
		};
		2E6B0B912AC4310D00F3D1FE /* Build configuration list for PBXNativeTarget "CalcolatriceSwift" */ = {
			isa = XCConfigurationList;
			buildConfigurations = (
				2E6B0B922AC4310D00F3D1FE /* Debug */,
				2E6B0B932AC4310D00F3D1FE /* Release */,
			);
			defaultConfigurationIsVisible = 0;
			defaultConfigurationName = Release;
		};
		2E6B0B942AC4310D00F3D1FE /* Build configuration list for PBXNativeTarget "CalcolatriceSwiftTests" */ = {
			isa = XCConfigurationList;
			buildConfigurations = (
				2E6B0B952AC4310D00F3D1FE /* Debug */,
				2E6B0B962AC4310D00F3D1FE /* Release */,
			);
			defaultConfigurationIsVisible = 0;
			defaultConfigurationName = Release;
		};
		2E6B0B972AC4310D00F3D1FE /* Build configuration list for PBXNativeTarget "CalcolatriceSwiftUITests" */ = {
			isa = XCConfigurationList;
			buildConfigurations = (
				2E6B0B982AC4310D00F3D1FE /* Debug */,
				2E6B0B992AC4310D00F3D1FE /* Release */,
			);
			defaultConfigurationIsVisible = 0;
			defaultConfigurationName = Release;
		};
/* End XCConfigurationList section */
	};
	rootObject = 2E6B0B652AC4310700F3D1FE /* Project object */;
}
